lockfileVersion: '9.0'

settings:
  autoInstallPeers: true
  excludeLinksFromLockfile: false

importers:

  .:
    dependencies:
      '@material/material-color-utilities':
        specifier: ^0.3.0
        version: 0.3.0

packages:

  '@material/material-color-utilities@0.3.0':
    resolution: {integrity: sha512-ztmtTd6xwnuh2/xu+Vb01btgV8SQWYCaK56CkRK8gEkWe5TuDyBcYJ0wgkMRn+2VcE9KUmhvkz+N9GHrqw/C0g==}

snapshots:

  '@material/material-color-utilities@0.3.0': {}
